PODS:
  - IQKeyboardManagerSwift (6.5.5)
  - Kingfisher (5.13.0):
    - Kingfisher/Core (= 5.13.0)
  - Kingfisher/Core (5.13.0)
  - UIImageColors (2.1.0)

DEPENDENCIES:
  - IQKeyboardManagerSwift
  - Kingfisher (~> 5.0)
  - UIImageColors

SPEC REPOS:
  trunk:
    - IQKeyboardManagerSwift
    - Kingfisher
    - UIImageColors

SPEC CHECKSUMS:
  IQKeyboardManagerSwift: 0fb93310284665245591f50f7a5e38de615960b7
  Kingfisher: 0d334cada987fcddbe9b5cec516406e1ee9d4748
  UIImageColors: d2ef3b0877d203cbb06489eeb78ea8b7788caabe

PODFILE CHECKSUM: 34dc90cc6c921d7f489ad77aa795349fb13c2a17

COCOAPODS: 1.8.4
